
Microsoft Visual Studio Solution File, Format Version 12.00
# Visual Studio Version 17
VisualStudioVersion = 17.7.34031.279
MinimumVisualStudioVersion = 10.0.40219.1
Project("{2150E333-8FDC-42A3-9474-1A3956D46DE8}") = "src", "src", "{F1A360FA-2A6E-4EE8-8377-10C44A94C6B6}"
EndProject
Project("{2150E333-8FDC-42A3-9474-1A3956D46DE8}") = "dependencies", "dependencies", "{3D6BF4F3-87AD-49D0-AAD2-9DF735AF7443}"
EndProject
Project("{2150E333-8FDC-42A3-9474-1A3956D46DE8}") = "test", "test", "{6A649738-E747-4214-A8D7-200D8EE246E8}"
EndProject
Project("{2150E333-8FDC-42A3-9474-1A3956D46DE8}") = "C#", "C#", "{CA62A05B-8401-4785-9AC5-3EE802EAC216}"
EndProject
Project("{FAE04EC0-301F-11D3-BF4B-00C04F79EFBC}") = "NStreamCom", "src\C#\NStreamCom\NStreamCom.csproj", "{D2A91EBA-80A4-4EF0-9A94-74ED70107B06}"
EndProject
Project("{2150E333-8FDC-42A3-9474-1A3956D46DE8}") = "C#", "C#", "{DA4B027C-4606-4705-8DF0-2B9117B61C5C}"
EndProject
Project("{9A19103F-16F7-4668-BE54-9A1E7A4F7556}") = "NStreamComTesterCSharp", "test\C#\NStreamComTesterCSharp\NStreamComTesterCSharp.csproj", "{7F603371-CB3A-4574-8B2B-676DB89190DD}"
EndProject
Project("{8BC9CEB8-8B4A-11D0-8D11-00A0C91BC942}") = "NStreamCom", "src\C++\NStreamCom\NStreamCom.vcxitems", "{D168B786-8986-4B62-854B-6F6750996A8D}"
EndProject
Project("{2150E333-8FDC-42A3-9474-1A3956D46DE8}") = "C++", "C++", "{A6096EF5-DB36-4E30-AA8C-F3D0D0CABD07}"
EndProject
Project("{2150E333-8FDC-42A3-9474-1A3956D46DE8}") = "C++", "C++", "{C3100846-659A-4F3E-B9FF-A35CF4A48C0F}"
EndProject
Project("{8BC9CEB8-8B4A-11D0-8D11-00A0C91BC942}") = "NStreamComTesterC++", "test\C++\NStreamComTesterC++\NStreamComTesterC++.vcxproj", "{18682C23-A345-4B09-938E-391999D854E4}"
EndProject
Project("{2150E333-8FDC-42A3-9474-1A3956D46DE8}") = "Python", "Python", "{2FD926F5-4E45-4F17-A441-E381FB41401F}"
EndProject
Project("{2150E333-8FDC-42A3-9474-1A3956D46DE8}") = "Python", "Python", "{D9D1F232-E9F7-4BD3-AD79-B26CBE6B21B6}"
EndProject
Project("{888888A0-9F3D-457C-B088-3A5042F75D52}") = "NStreamComTester", "test\python\NStreamComTester\NStreamComTester.pyproj", "{911B58EA-E6E6-4B1E-BC71-B77E6E538908}"
EndProject
Project("{2150E333-8FDC-42A3-9474-1A3956D46DE8}") = "tools", "tools", "{06DAA442-5474-4147-BEC1-58E060114C0A}"
	ProjectSection(SolutionItems) = preProject
		tools\arduinofy.json = tools\arduinofy.json
		tools\arduinofy.py = tools\arduinofy.py
	EndProjectSection
EndProject
Project("{2150E333-8FDC-42A3-9474-1A3956D46DE8}") = "Communicator", "Communicator", "{0111D9F9-E808-44EB-B60C-C5B1363A8D2F}"
EndProject
Project("{9A19103F-16F7-4668-BE54-9A1E7A4F7556}") = "Communicator", "tools\Communicator\Communicator\Communicator.csproj", "{C61E4A7C-27C1-43E9-AB08-6E6723F7B224}"
EndProject
Project("{9A19103F-16F7-4668-BE54-9A1E7A4F7556}") = "CommunicatorChannel", "tools\Communicator\CommunicatorChannel\CommunicatorChannel.csproj", "{70FCE5CA-91DF-4B4D-8FCC-35BC2A5A2B63}"
EndProject
Project("{2150E333-8FDC-42A3-9474-1A3956D46DE8}") = "lib", "lib", "{B6A30458-DB82-49EB-9E14-455F12F9C8E4}"
	ProjectSection(SolutionItems) = preProject
		lib\BufferTemplate.csv = lib\BufferTemplate.csv
		lib\keywords.txt = lib\keywords.txt
		lib\library.properties = lib\library.properties
	EndProjectSection
EndProject
Project("{888888A0-9F3D-457C-B088-3A5042F75D52}") = "NStreamCom", "src\Python\NStreamCom\NStreamCom.pyproj", "{5E31AE50-3E1B-41BD-8F0F-9A7B372EC04D}"
EndProject
Project("{2150E333-8FDC-42A3-9474-1A3956D46DE8}") = "examples", "examples", "{D04E802B-EFE0-4603-A2E5-BDE40AA1BF9D}"
EndProject
Project("{2150E333-8FDC-42A3-9474-1A3956D46DE8}") = "Arduino", "Arduino", "{EA12EA4A-4714-4520-BED4-AFA4C88FA994}"
	ProjectSection(SolutionItems) = preProject
		examples\Arduino\Basic\Basic.ino = examples\Arduino\Basic\Basic.ino
	EndProjectSection
EndProject
Project("{2150E333-8FDC-42A3-9474-1A3956D46DE8}") = "C#", "C#", "{84661427-4665-402B-95C9-52FC4340CA86}"
EndProject
Project("{2150E333-8FDC-42A3-9474-1A3956D46DE8}") = "C++", "C++", "{6BFB2C2D-0D30-4765-B54B-35F7F0289A81}"
EndProject
Project("{2150E333-8FDC-42A3-9474-1A3956D46DE8}") = "Python", "Python", "{A402C4F3-678A-4FE6-A776-83A99D8C4035}"
EndProject
Project("{9A19103F-16F7-4668-BE54-9A1E7A4F7556}") = "SerialDisplay", "examples\C#\SerialDisplay\SerialDisplay.csproj", "{92117591-1ED5-4B35-8115-6C6EFB0229E4}"
EndProject
Project("{888888A0-9F3D-457C-B088-3A5042F75D52}") = "serial_display", "examples\Python\serial_display\serial_display.pyproj", "{77D60791-4942-4236-8EFD-235F23051086}"
EndProject
Project("{8BC9CEB8-8B4A-11D0-8D11-00A0C91BC942}") = "SerialDisplay", "examples\C++\SerialDisplay\SerialDisplay.vcxproj", "{83EF1699-D12A-4BCA-B86B-130534C4E8C0}"
EndProject
Global
	GlobalSection(SolutionConfigurationPlatforms) = preSolution
		Debug|Any CPU = Debug|Any CPU
		Debug|x64 = Debug|x64
		Debug|x86 = Debug|x86
		Release|Any CPU = Release|Any CPU
		Release|x64 = Release|x64
		Release|x86 = Release|x86
	EndGlobalSection
	GlobalSection(ProjectConfigurationPlatforms) = postSolution
		{D2A91EBA-80A4-4EF0-9A94-74ED70107B06}.Debug|Any CPU.ActiveCfg = Debug|Any CPU
		{D2A91EBA-80A4-4EF0-9A94-74ED70107B06}.Debug|Any CPU.Build.0 = Debug|Any CPU
		{D2A91EBA-80A4-4EF0-9A94-74ED70107B06}.Debug|x64.ActiveCfg = Debug|Any CPU
		{D2A91EBA-80A4-4EF0-9A94-74ED70107B06}.Debug|x64.Build.0 = Debug|Any CPU
		{D2A91EBA-80A4-4EF0-9A94-74ED70107B06}.Debug|x86.ActiveCfg = Debug|Any CPU
		{D2A91EBA-80A4-4EF0-9A94-74ED70107B06}.Debug|x86.Build.0 = Debug|Any CPU
		{D2A91EBA-80A4-4EF0-9A94-74ED70107B06}.Release|Any CPU.ActiveCfg = Release|Any CPU
		{D2A91EBA-80A4-4EF0-9A94-74ED70107B06}.Release|Any CPU.Build.0 = Release|Any CPU
		{D2A91EBA-80A4-4EF0-9A94-74ED70107B06}.Release|x64.ActiveCfg = Release|Any CPU
		{D2A91EBA-80A4-4EF0-9A94-74ED70107B06}.Release|x64.Build.0 = Release|Any CPU
		{D2A91EBA-80A4-4EF0-9A94-74ED70107B06}.Release|x86.ActiveCfg = Release|Any CPU
		{D2A91EBA-80A4-4EF0-9A94-74ED70107B06}.Release|x86.Build.0 = Release|Any CPU
		{7F603371-CB3A-4574-8B2B-676DB89190DD}.Debug|Any CPU.ActiveCfg = Debug|Any CPU
		{7F603371-CB3A-4574-8B2B-676DB89190DD}.Debug|Any CPU.Build.0 = Debug|Any CPU
		{7F603371-CB3A-4574-8B2B-676DB89190DD}.Debug|x64.ActiveCfg = Debug|Any CPU
		{7F603371-CB3A-4574-8B2B-676DB89190DD}.Debug|x64.Build.0 = Debug|Any CPU
		{7F603371-CB3A-4574-8B2B-676DB89190DD}.Debug|x86.ActiveCfg = Debug|Any CPU
		{7F603371-CB3A-4574-8B2B-676DB89190DD}.Debug|x86.Build.0 = Debug|Any CPU
		{7F603371-CB3A-4574-8B2B-676DB89190DD}.Release|Any CPU.ActiveCfg = Release|Any CPU
		{7F603371-CB3A-4574-8B2B-676DB89190DD}.Release|Any CPU.Build.0 = Release|Any CPU
		{7F603371-CB3A-4574-8B2B-676DB89190DD}.Release|x64.ActiveCfg = Release|Any CPU
		{7F603371-CB3A-4574-8B2B-676DB89190DD}.Release|x64.Build.0 = Release|Any CPU
		{7F603371-CB3A-4574-8B2B-676DB89190DD}.Release|x86.ActiveCfg = Release|Any CPU
		{7F603371-CB3A-4574-8B2B-676DB89190DD}.Release|x86.Build.0 = Release|Any CPU
		{18682C23-A345-4B09-938E-391999D854E4}.Debug|Any CPU.ActiveCfg = Debug|x64
		{18682C23-A345-4B09-938E-391999D854E4}.Debug|Any CPU.Build.0 = Debug|x64
		{18682C23-A345-4B09-938E-391999D854E4}.Debug|x64.ActiveCfg = Debug|x64
		{18682C23-A345-4B09-938E-391999D854E4}.Debug|x64.Build.0 = Debug|x64
		{18682C23-A345-4B09-938E-391999D854E4}.Debug|x86.ActiveCfg = Debug|Win32
		{18682C23-A345-4B09-938E-391999D854E4}.Debug|x86.Build.0 = Debug|Win32
		{18682C23-A345-4B09-938E-391999D854E4}.Release|Any CPU.ActiveCfg = Release|x64
		{18682C23-A345-4B09-938E-391999D854E4}.Release|Any CPU.Build.0 = Release|x64
		{18682C23-A345-4B09-938E-391999D854E4}.Release|x64.ActiveCfg = Release|x64
		{18682C23-A345-4B09-938E-391999D854E4}.Release|x64.Build.0 = Release|x64
		{18682C23-A345-4B09-938E-391999D854E4}.Release|x86.ActiveCfg = Release|Win32
		{18682C23-A345-4B09-938E-391999D854E4}.Release|x86.Build.0 = Release|Win32
		{911B58EA-E6E6-4B1E-BC71-B77E6E538908}.Debug|Any CPU.ActiveCfg = Debug|Any CPU
		{911B58EA-E6E6-4B1E-BC71-B77E6E538908}.Debug|x64.ActiveCfg = Debug|Any CPU
		{911B58EA-E6E6-4B1E-BC71-B77E6E538908}.Debug|x86.ActiveCfg = Debug|Any CPU
		{911B58EA-E6E6-4B1E-BC71-B77E6E538908}.Release|Any CPU.ActiveCfg = Release|Any CPU
		{911B58EA-E6E6-4B1E-BC71-B77E6E538908}.Release|x64.ActiveCfg = Release|Any CPU
		{911B58EA-E6E6-4B1E-BC71-B77E6E538908}.Release|x86.ActiveCfg = Release|Any CPU
		{C61E4A7C-27C1-43E9-AB08-6E6723F7B224}.Debug|Any CPU.ActiveCfg = Debug|Any CPU
		{C61E4A7C-27C1-43E9-AB08-6E6723F7B224}.Debug|Any CPU.Build.0 = Debug|Any CPU
		{C61E4A7C-27C1-43E9-AB08-6E6723F7B224}.Debug|x64.ActiveCfg = Debug|Any CPU
		{C61E4A7C-27C1-43E9-AB08-6E6723F7B224}.Debug|x64.Build.0 = Debug|Any CPU
		{C61E4A7C-27C1-43E9-AB08-6E6723F7B224}.Debug|x86.ActiveCfg = Debug|Any CPU
		{C61E4A7C-27C1-43E9-AB08-6E6723F7B224}.Debug|x86.Build.0 = Debug|Any CPU
		{C61E4A7C-27C1-43E9-AB08-6E6723F7B224}.Release|Any CPU.ActiveCfg = Release|Any CPU
		{C61E4A7C-27C1-43E9-AB08-6E6723F7B224}.Release|Any CPU.Build.0 = Release|Any CPU
		{C61E4A7C-27C1-43E9-AB08-6E6723F7B224}.Release|x64.ActiveCfg = Release|Any CPU
		{C61E4A7C-27C1-43E9-AB08-6E6723F7B224}.Release|x64.Build.0 = Release|Any CPU
		{C61E4A7C-27C1-43E9-AB08-6E6723F7B224}.Release|x86.ActiveCfg = Release|Any CPU
		{C61E4A7C-27C1-43E9-AB08-6E6723F7B224}.Release|x86.Build.0 = Release|Any CPU
		{70FCE5CA-91DF-4B4D-8FCC-35BC2A5A2B63}.Debug|Any CPU.ActiveCfg = Debug|Any CPU
		{70FCE5CA-91DF-4B4D-8FCC-35BC2A5A2B63}.Debug|Any CPU.Build.0 = Debug|Any CPU
		{70FCE5CA-91DF-4B4D-8FCC-35BC2A5A2B63}.Debug|x64.ActiveCfg = Debug|Any CPU
		{70FCE5CA-91DF-4B4D-8FCC-35BC2A5A2B63}.Debug|x64.Build.0 = Debug|Any CPU
		{70FCE5CA-91DF-4B4D-8FCC-35BC2A5A2B63}.Debug|x86.ActiveCfg = Debug|Any CPU
		{70FCE5CA-91DF-4B4D-8FCC-35BC2A5A2B63}.Debug|x86.Build.0 = Debug|Any CPU
		{70FCE5CA-91DF-4B4D-8FCC-35BC2A5A2B63}.Release|Any CPU.ActiveCfg = Release|Any CPU
		{70FCE5CA-91DF-4B4D-8FCC-35BC2A5A2B63}.Release|Any CPU.Build.0 = Release|Any CPU
		{70FCE5CA-91DF-4B4D-8FCC-35BC2A5A2B63}.Release|x64.ActiveCfg = Release|Any CPU
		{70FCE5CA-91DF-4B4D-8FCC-35BC2A5A2B63}.Release|x64.Build.0 = Release|Any CPU
		{70FCE5CA-91DF-4B4D-8FCC-35BC2A5A2B63}.Release|x86.ActiveCfg = Release|Any CPU
		{70FCE5CA-91DF-4B4D-8FCC-35BC2A5A2B63}.Release|x86.Build.0 = Release|Any CPU
		{5E31AE50-3E1B-41BD-8F0F-9A7B372EC04D}.Debug|Any CPU.ActiveCfg = Debug|Any CPU
		{5E31AE50-3E1B-41BD-8F0F-9A7B372EC04D}.Debug|x64.ActiveCfg = Debug|Any CPU
		{5E31AE50-3E1B-41BD-8F0F-9A7B372EC04D}.Debug|x86.ActiveCfg = Debug|Any CPU
		{5E31AE50-3E1B-41BD-8F0F-9A7B372EC04D}.Release|Any CPU.ActiveCfg = Release|Any CPU
		{5E31AE50-3E1B-41BD-8F0F-9A7B372EC04D}.Release|x64.ActiveCfg = Release|Any CPU
		{5E31AE50-3E1B-41BD-8F0F-9A7B372EC04D}.Release|x86.ActiveCfg = Release|Any CPU
		{92117591-1ED5-4B35-8115-6C6EFB0229E4}.Debug|Any CPU.ActiveCfg = Debug|Any CPU
		{92117591-1ED5-4B35-8115-6C6EFB0229E4}.Debug|Any CPU.Build.0 = Debug|Any CPU
		{92117591-1ED5-4B35-8115-6C6EFB0229E4}.Debug|x64.ActiveCfg = Debug|Any CPU
		{92117591-1ED5-4B35-8115-6C6EFB0229E4}.Debug|x64.Build.0 = Debug|Any CPU
		{92117591-1ED5-4B35-8115-6C6EFB0229E4}.Debug|x86.ActiveCfg = Debug|Any CPU
		{92117591-1ED5-4B35-8115-6C6EFB0229E4}.Debug|x86.Build.0 = Debug|Any CPU
		{92117591-1ED5-4B35-8115-6C6EFB0229E4}.Release|Any CPU.ActiveCfg = Release|Any CPU
		{92117591-1ED5-4B35-8115-6C6EFB0229E4}.Release|Any CPU.Build.0 = Release|Any CPU
		{92117591-1ED5-4B35-8115-6C6EFB0229E4}.Release|x64.ActiveCfg = Release|Any CPU
		{92117591-1ED5-4B35-8115-6C6EFB0229E4}.Release|x64.Build.0 = Release|Any CPU
		{92117591-1ED5-4B35-8115-6C6EFB0229E4}.Release|x86.ActiveCfg = Release|Any CPU
		{92117591-1ED5-4B35-8115-6C6EFB0229E4}.Release|x86.Build.0 = Release|Any CPU
		{77D60791-4942-4236-8EFD-235F23051086}.Debug|Any CPU.ActiveCfg = Debug|Any CPU
		{77D60791-4942-4236-8EFD-235F23051086}.Debug|x64.ActiveCfg = Debug|Any CPU
		{77D60791-4942-4236-8EFD-235F23051086}.Debug|x86.ActiveCfg = Debug|Any CPU
		{77D60791-4942-4236-8EFD-235F23051086}.Release|Any CPU.ActiveCfg = Release|Any CPU
		{77D60791-4942-4236-8EFD-235F23051086}.Release|x64.ActiveCfg = Release|Any CPU
		{77D60791-4942-4236-8EFD-235F23051086}.Release|x86.ActiveCfg = Release|Any CPU
		{83EF1699-D12A-4BCA-B86B-130534C4E8C0}.Debug|Any CPU.ActiveCfg = Debug|x64
		{83EF1699-D12A-4BCA-B86B-130534C4E8C0}.Debug|Any CPU.Build.0 = Debug|x64
		{83EF1699-D12A-4BCA-B86B-130534C4E8C0}.Debug|x64.ActiveCfg = Debug|x64
		{83EF1699-D12A-4BCA-B86B-130534C4E8C0}.Debug|x64.Build.0 = Debug|x64
		{83EF1699-D12A-4BCA-B86B-130534C4E8C0}.Debug|x86.ActiveCfg = Debug|Win32
		{83EF1699-D12A-4BCA-B86B-130534C4E8C0}.Debug|x86.Build.0 = Debug|Win32
		{83EF1699-D12A-4BCA-B86B-130534C4E8C0}.Release|Any CPU.ActiveCfg = Release|x64
		{83EF1699-D12A-4BCA-B86B-130534C4E8C0}.Release|Any CPU.Build.0 = Release|x64
		{83EF1699-D12A-4BCA-B86B-130534C4E8C0}.Release|x64.ActiveCfg = Release|x64
		{83EF1699-D12A-4BCA-B86B-130534C4E8C0}.Release|x64.Build.0 = Release|x64
		{83EF1699-D12A-4BCA-B86B-130534C4E8C0}.Release|x86.ActiveCfg = Release|Win32
		{83EF1699-D12A-4BCA-B86B-130534C4E8C0}.Release|x86.Build.0 = Release|Win32
	EndGlobalSection
	GlobalSection(SolutionProperties) = preSolution
		HideSolutionNode = FALSE
	EndGlobalSection
	GlobalSection(NestedProjects) = preSolution
		{CA62A05B-8401-4785-9AC5-3EE802EAC216} = {F1A360FA-2A6E-4EE8-8377-10C44A94C6B6}
		{D2A91EBA-80A4-4EF0-9A94-74ED70107B06} = {CA62A05B-8401-4785-9AC5-3EE802EAC216}
		{DA4B027C-4606-4705-8DF0-2B9117B61C5C} = {6A649738-E747-4214-A8D7-200D8EE246E8}
		{7F603371-CB3A-4574-8B2B-676DB89190DD} = {DA4B027C-4606-4705-8DF0-2B9117B61C5C}
		{D168B786-8986-4B62-854B-6F6750996A8D} = {A6096EF5-DB36-4E30-AA8C-F3D0D0CABD07}
		{A6096EF5-DB36-4E30-AA8C-F3D0D0CABD07} = {F1A360FA-2A6E-4EE8-8377-10C44A94C6B6}
		{C3100846-659A-4F3E-B9FF-A35CF4A48C0F} = {6A649738-E747-4214-A8D7-200D8EE246E8}
		{18682C23-A345-4B09-938E-391999D854E4} = {C3100846-659A-4F3E-B9FF-A35CF4A48C0F}
		{2FD926F5-4E45-4F17-A441-E381FB41401F} = {F1A360FA-2A6E-4EE8-8377-10C44A94C6B6}
		{D9D1F232-E9F7-4BD3-AD79-B26CBE6B21B6} = {6A649738-E747-4214-A8D7-200D8EE246E8}
		{911B58EA-E6E6-4B1E-BC71-B77E6E538908} = {D9D1F232-E9F7-4BD3-AD79-B26CBE6B21B6}
		{0111D9F9-E808-44EB-B60C-C5B1363A8D2F} = {06DAA442-5474-4147-BEC1-58E060114C0A}
		{C61E4A7C-27C1-43E9-AB08-6E6723F7B224} = {0111D9F9-E808-44EB-B60C-C5B1363A8D2F}
		{70FCE5CA-91DF-4B4D-8FCC-35BC2A5A2B63} = {0111D9F9-E808-44EB-B60C-C5B1363A8D2F}
		{5E31AE50-3E1B-41BD-8F0F-9A7B372EC04D} = {2FD926F5-4E45-4F17-A441-E381FB41401F}
		{EA12EA4A-4714-4520-BED4-AFA4C88FA994} = {D04E802B-EFE0-4603-A2E5-BDE40AA1BF9D}
		{84661427-4665-402B-95C9-52FC4340CA86} = {D04E802B-EFE0-4603-A2E5-BDE40AA1BF9D}
		{6BFB2C2D-0D30-4765-B54B-35F7F0289A81} = {D04E802B-EFE0-4603-A2E5-BDE40AA1BF9D}
		{A402C4F3-678A-4FE6-A776-83A99D8C4035} = {D04E802B-EFE0-4603-A2E5-BDE40AA1BF9D}
		{92117591-1ED5-4B35-8115-6C6EFB0229E4} = {84661427-4665-402B-95C9-52FC4340CA86}
		{77D60791-4942-4236-8EFD-235F23051086} = {A402C4F3-678A-4FE6-A776-83A99D8C4035}
		{83EF1699-D12A-4BCA-B86B-130534C4E8C0} = {6BFB2C2D-0D30-4765-B54B-35F7F0289A81}
	EndGlobalSection
	GlobalSection(ExtensibilityGlobals) = postSolution
		SolutionGuid = {441CA3DE-0F9E-470A-A343-C8E5F5B25332}
	EndGlobalSection
	GlobalSection(SharedMSBuildProjectFiles) = preSolution
		src\C++\NStreamCom\NStreamCom.vcxitems*{18682c23-a345-4b09-938e-391999d854e4}*SharedItemsImports = 4
		src\C++\NStreamCom\NStreamCom.vcxitems*{83ef1699-d12a-4bca-b86b-130534c4e8c0}*SharedItemsImports = 4
		src\C++\NStreamCom\NStreamCom.vcxitems*{d168b786-8986-4b62-854b-6f6750996a8d}*SharedItemsImports = 9
	EndGlobalSection
EndGlobal
